
Microsoft Visual Studio Solution File, Format Version 12.00
# Visual Studio 2013
VisualStudioVersion = 12.0.31101.0
MinimumVisualStudioVersion = 10.0.40219.1
Project("{2150E333-8FDC-42A3-9474-1A3956D46DE8}") = "WMP-Project", "WMP-Project", "{706F8E85-E4A5-4D69-9F4D-E9AB3C53146F}"
EndProject
Project("{D954291E-2A0B-460D-934E-DC6B0785DB48}") = "WMP-Project.Shared", "WMP-Project\WMP-Project.Shared\WMP-Project.Shared.shproj", "{ECEE1C9B-07C9-46FB-BFA4-6FD4CAD54A10}"
EndProject
Project("{FAE04EC0-301F-11D3-BF4B-00C04F79EFBC}") = "WMP-Project.Windows", "WMP-Project\WMP-Project.Windows\WMP-Project.Windows.csproj", "{12B04713-1CA2-4F76-B8CB-2A735452CEA8}"
EndProject
Global
	GlobalSection(SharedMSBuildProjectFiles) = preSolution
		WMP-Project\WMP-Project.Shared\WMP-Project.Shared.projitems*{ecee1c9b-07c9-46fb-bfa4-6fd4cad54a10}*SharedItemsImports = 13
		WMP-Project\WMP-Project.Shared\WMP-Project.Shared.projitems*{12b04713-1ca2-4f76-b8cb-2a735452cea8}*SharedItemsImports = 4
	EndGlobalSection
	GlobalSection(SolutionConfigurationPlatforms) = preSolution
		Debug|Any CPU = Debug|Any CPU
		Debug|ARM = Debug|ARM
		Debug|x64 = Debug|x64
		Debug|x86 = Debug|x86
		Release|Any CPU = Release|Any CPU
		Release|ARM = Release|ARM
		Release|x64 = Release|x64
		Release|x86 = Release|x86
	EndGlobalSection
	GlobalSection(ProjectConfigurationPlatforms) = postSolution
		{12B04713-1CA2-4F76-B8CB-2A735452CEA8}.Debug|Any CPU.ActiveCfg = Debug|Any CPU
		{12B04713-1CA2-4F76-B8CB-2A735452CEA8}.Debug|Any CPU.Build.0 = Debug|Any CPU
		{12B04713-1CA2-4F76-B8CB-2A735452CEA8}.Debug|Any CPU.Deploy.0 = Debug|Any CPU
		{12B04713-1CA2-4F76-B8CB-2A735452CEA8}.Debug|ARM.ActiveCfg = Debug|ARM
		{12B04713-1CA2-4F76-B8CB-2A735452CEA8}.Debug|ARM.Build.0 = Debug|ARM
		{12B04713-1CA2-4F76-B8CB-2A735452CEA8}.Debug|ARM.Deploy.0 = Debug|ARM
		{12B04713-1CA2-4F76-B8CB-2A735452CEA8}.Debug|x64.ActiveCfg = Debug|x64
		{12B04713-1CA2-4F76-B8CB-2A735452CEA8}.Debug|x64.Build.0 = Debug|x64
		{12B04713-1CA2-4F76-B8CB-2A735452CEA8}.Debug|x64.Deploy.0 = Debug|x64
		{12B04713-1CA2-4F76-B8CB-2A735452CEA8}.Debug|x86.ActiveCfg = Debug|x86
		{12B04713-1CA2-4F76-B8CB-2A735452CEA8}.Debug|x86.Build.0 = Debug|x86
		{12B04713-1CA2-4F76-B8CB-2A735452CEA8}.Debug|x86.Deploy.0 = Debug|x86
		{12B04713-1CA2-4F76-B8CB-2A735452CEA8}.Release|Any CPU.ActiveCfg = Release|Any CPU
		{12B04713-1CA2-4F76-B8CB-2A735452CEA8}.Release|Any CPU.Build.0 = Release|Any CPU
		{12B04713-1CA2-4F76-B8CB-2A735452CEA8}.Release|Any CPU.Deploy.0 = Release|Any CPU
		{12B04713-1CA2-4F76-B8CB-2A735452CEA8}.Release|ARM.ActiveCfg = Release|ARM
		{12B04713-1CA2-4F76-B8CB-2A735452CEA8}.Release|ARM.Build.0 = Release|ARM
		{12B04713-1CA2-4F76-B8CB-2A735452CEA8}.Release|ARM.Deploy.0 = Release|ARM
		{12B04713-1CA2-4F76-B8CB-2A735452CEA8}.Release|x64.ActiveCfg = Release|x64
		{12B04713-1CA2-4F76-B8CB-2A735452CEA8}.Release|x64.Build.0 = Release|x64
		{12B04713-1CA2-4F76-B8CB-2A735452CEA8}.Release|x64.Deploy.0 = Release|x64
		{12B04713-1CA2-4F76-B8CB-2A735452CEA8}.Release|x86.ActiveCfg = Release|x86
		{12B04713-1CA2-4F76-B8CB-2A735452CEA8}.Release|x86.Build.0 = Release|x86
		{12B04713-1CA2-4F76-B8CB-2A735452CEA8}.Release|x86.Deploy.0 = Release|x86
	EndGlobalSection
	GlobalSection(SolutionProperties) = preSolution
		HideSolutionNode = FALSE
	EndGlobalSection
	GlobalSection(NestedProjects) = preSolution
		{ECEE1C9B-07C9-46FB-BFA4-6FD4CAD54A10} = {706F8E85-E4A5-4D69-9F4D-E9AB3C53146F}
		{12B04713-1CA2-4F76-B8CB-2A735452CEA8} = {706F8E85-E4A5-4D69-9F4D-E9AB3C53146F}
	EndGlobalSection
EndGlobal
